
Microsoft Visual Studio Solution File, Format Version 12.00
# Visual Studio Version 17
VisualStudioVersion = 17.9.34728.123
MinimumVisualStudioVersion = 10.0.40219.1
Project("{9A19103F-16F7-4668-BE54-9A1E7A4F7556}") = "Licenta", "Licenta.csproj", "{4D714CA2-3266-44FD-A85C-D726A69212FD}"
EndProject
Project("{54435603-DBB4-11D2-8724-00A0C9A8B90C}") = "Setup1", "..\Setup1\Setup1.vdproj", "{4831708A-7375-4A84-95AA-1BD2C3EDE0B0}"
EndProject
Global
	GlobalSection(SolutionConfigurationPlatforms) = preSolution
		Debug|Any CPU = Debug|Any CPU
		Release|Any CPU = Release|Any CPU
	EndGlobalSection
	GlobalSection(ProjectConfigurationPlatforms) = postSolution
		{4D714CA2-3266-44FD-A85C-D726A69212FD}.Debug|Any CPU.ActiveCfg = Debug|Any CPU
		{4D714CA2-3266-44FD-A85C-D726A69212FD}.Debug|Any CPU.Build.0 = Debug|Any CPU
		{4D714CA2-3266-44FD-A85C-D726A69212FD}.Release|Any CPU.ActiveCfg = Release|Any CPU
		{4D714CA2-3266-44FD-A85C-D726A69212FD}.Release|Any CPU.Build.0 = Release|Any CPU
		{4831708A-7375-4A84-95AA-1BD2C3EDE0B0}.Debug|Any CPU.ActiveCfg = Debug
		{4831708A-7375-4A84-95AA-1BD2C3EDE0B0}.Release|Any CPU.ActiveCfg = Release
	EndGlobalSection
	GlobalSection(SolutionProperties) = preSolution
		HideSolutionNode = FALSE
	EndGlobalSection
	GlobalSection(ExtensibilityGlobals) = postSolution
		SolutionGuid = {E04CA9CC-70BE-4F09-8C4D-526169BEDDCB}
	EndGlobalSection
EndGlobal
